
Microsoft Visual Studio Solution File, Format Version 12.00
# Visual Studio 14
VisualStudioVersion = 14.0.25420.1
MinimumVisualStudioVersion = 10.0.40219.1
Project("{FAE04EC0-301F-11D3-BF4B-00C04F79EFBC}") = "EscapingHorizon.com", "EscapingHorizon.com\EscapingHorizon.com.csproj", "{82720EA5-A881-47B3-9389-4A846260B070}"
EndProject
Project("{FAE04EC0-301F-11D3-BF4B-00C04F79EFBC}") = "EscapingHorizon.Data", "EscapingHorizon.Data\EscapingHorizon.Data.csproj", "{9236DD60-EDDB-45CC-9C9D-DE7F7BCB19F4}"
EndProject
Global
	GlobalSection(SolutionConfigurationPlatforms) = preSolution
		Debug|Any CPU = Debug|Any CPU
		Release|Any CPU = Release|Any CPU
	EndGlobalSection
	GlobalSection(ProjectConfigurationPlatforms) = postSolution
		{82720EA5-A881-47B3-9389-4A846260B070}.Debug|Any CPU.ActiveCfg = Debug|Any CPU
		{82720EA5-A881-47B3-9389-4A846260B070}.Debug|Any CPU.Build.0 = Debug|Any CPU
		{82720EA5-A881-47B3-9389-4A846260B070}.Release|Any CPU.ActiveCfg = Release|Any CPU
		{82720EA5-A881-47B3-9389-4A846260B070}.Release|Any CPU.Build.0 = Release|Any CPU
		{9236DD60-EDDB-45CC-9C9D-DE7F7BCB19F4}.Debug|Any CPU.ActiveCfg = Debug|Any CPU
		{9236DD60-EDDB-45CC-9C9D-DE7F7BCB19F4}.Debug|Any CPU.Build.0 = Debug|Any CPU
		{9236DD60-EDDB-45CC-9C9D-DE7F7BCB19F4}.Release|Any CPU.ActiveCfg = Release|Any CPU
		{9236DD60-EDDB-45CC-9C9D-DE7F7BCB19F4}.Release|Any CPU.Build.0 = Release|Any CPU
	EndGlobalSection
	GlobalSection(SolutionProperties) = preSolution
		HideSolutionNode = FALSE
	EndGlobalSection
EndGlobal
